
Microsoft Visual Studio Solution File, Format Version 12.00
# Visual Studio Version 17
VisualStudioVersion = 17.5.33414.496
MinimumVisualStudioVersion = 10.0.40219.1
Project("{FAE04EC0-301F-11D3-BF4B-00C04F79EFBC}") = "SOTF_ModMenu", "SOTF_ModMenu\SOTF_ModMenu.csproj", "{0A305980-A49D-43AA-8B3D-B1D85B688162}"
EndProject
Global
	GlobalSection(SolutionConfigurationPlatforms) = preSolution
		Debug|Any CPU = Debug|Any CPU
		Release|Any CPU = Release|Any CPU
	EndGlobalSection
	GlobalSection(ProjectConfigurationPlatforms) = postSolution
		{0A305980-A49D-43AA-8B3D-B1D85B688162}.Debug|Any CPU.ActiveCfg = Debug|Any CPU
		{0A305980-A49D-43AA-8B3D-B1D85B688162}.Debug|Any CPU.Build.0 = Debug|Any CPU
		{0A305980-A49D-43AA-8B3D-B1D85B688162}.Release|Any CPU.ActiveCfg = Release|Any CPU
		{0A305980-A49D-43AA-8B3D-B1D85B688162}.Release|Any CPU.Build.0 = Release|Any CPU
	EndGlobalSection
	GlobalSection(SolutionProperties) = preSolution
		HideSolutionNode = FALSE
	EndGlobalSection
	GlobalSection(ExtensibilityGlobals) = postSolution
		SolutionGuid = {53DB7D49-2967-4AFB-A60E-437003D6D209}
	EndGlobalSection
EndGlobal
